
Microsoft Visual Studio Solution File, Format Version 12.00
# Visual Studio 15
VisualStudioVersion = 15.0.27130.2027
MinimumVisualStudioVersion = 10.0.40219.1
Project("{FAE04EC0-301F-11D3-BF4B-00C04F79EFBC}") = "CourseRating.Web", "CourseRating.Web\CourseRating.Web.csproj", "{88310AE9-42D0-4C4C-B455-B38A7D97F4AD}"
EndProject
Project("{FAE04EC0-301F-11D3-BF4B-00C04F79EFBC}") = "CourseRating.Domain", "CourseRating.Domain\CourseRating.Domain.csproj", "{10C3DC84-A522-47A4-ACEF-45D73FF80164}"
EndProject
Project("{FAE04EC0-301F-11D3-BF4B-00C04F79EFBC}") = "CourseRating.Data", "CourseRating.Data\CourseRating.Data.csproj", "{A82439AE-7B0A-46E3-9B40-04475DDFA3C1}"
EndProject
Project("{FAE04EC0-301F-11D3-BF4B-00C04F79EFBC}") = "CourseRating.Application", "CourseRating.Application\CourseRating.Application.csproj", "{557E9B22-3054-49F2-9819-DA9F2ED76FF0}"
EndProject
Project("{FAE04EC0-301F-11D3-BF4B-00C04F79EFBC}") = "CourseRating.CC.IoC", "CourseRating.CC.IoC\CourseRating.CC.IoC.csproj", "{9C01D319-B1DB-486B-B576-FAB24666413A}"
EndProject
Project("{2150E333-8FDC-42A3-9474-1A3956D46DE8}") = "0 - Presentation", "0 - Presentation", "{32227E55-C07C-4547-B49A-C45F4375B0A8}"
EndProject
Project("{2150E333-8FDC-42A3-9474-1A3956D46DE8}") = "1 - Application", "1 - Application", "{B62A994A-193F-434B-B2FF-29413A4ECCF7}"
EndProject
Project("{2150E333-8FDC-42A3-9474-1A3956D46DE8}") = "2 - Domain", "2 - Domain", "{B1DF0467-5471-46C4-8077-F7AA87A2CD65}"
EndProject
Project("{2150E333-8FDC-42A3-9474-1A3956D46DE8}") = "3 - Infra", "3 - Infra", "{BB2589AD-7CD4-47F7-8802-771648BE98AA}"
EndProject
Project("{2150E333-8FDC-42A3-9474-1A3956D46DE8}") = "3.1 - Data", "3.1 - Data", "{A6B062F0-267E-4CAD-8E4E-EA29D859FC2B}"
EndProject
Project("{2150E333-8FDC-42A3-9474-1A3956D46DE8}") = "3.2 - CrossCutting", "3.2 - CrossCutting", "{CA6556A9-1AF7-4785-B221-3E3BB4BE84A1}"
EndProject
Global
	GlobalSection(SolutionConfigurationPlatforms) = preSolution
		Debug|Any CPU = Debug|Any CPU
		Debug|ARM = Debug|ARM
		Debug|x64 = Debug|x64
		Debug|x86 = Debug|x86
		Release|Any CPU = Release|Any CPU
		Release|ARM = Release|ARM
		Release|x64 = Release|x64
		Release|x86 = Release|x86
	EndGlobalSection
	GlobalSection(ProjectConfigurationPlatforms) = postSolution
		{88310AE9-42D0-4C4C-B455-B38A7D97F4AD}.Debug|Any CPU.ActiveCfg = Debug|Any CPU
		{88310AE9-42D0-4C4C-B455-B38A7D97F4AD}.Debug|Any CPU.Build.0 = Debug|Any CPU
		{88310AE9-42D0-4C4C-B455-B38A7D97F4AD}.Debug|ARM.ActiveCfg = Debug|Any CPU
		{88310AE9-42D0-4C4C-B455-B38A7D97F4AD}.Debug|ARM.Build.0 = Debug|Any CPU
		{88310AE9-42D0-4C4C-B455-B38A7D97F4AD}.Debug|x64.ActiveCfg = Debug|Any CPU
		{88310AE9-42D0-4C4C-B455-B38A7D97F4AD}.Debug|x64.Build.0 = Debug|Any CPU
		{88310AE9-42D0-4C4C-B455-B38A7D97F4AD}.Debug|x86.ActiveCfg = Debug|Any CPU
		{88310AE9-42D0-4C4C-B455-B38A7D97F4AD}.Debug|x86.Build.0 = Debug|Any CPU
		{88310AE9-42D0-4C4C-B455-B38A7D97F4AD}.Release|Any CPU.ActiveCfg = Release|Any CPU
		{88310AE9-42D0-4C4C-B455-B38A7D97F4AD}.Release|Any CPU.Build.0 = Release|Any CPU
		{88310AE9-42D0-4C4C-B455-B38A7D97F4AD}.Release|ARM.ActiveCfg = Release|Any CPU
		{88310AE9-42D0-4C4C-B455-B38A7D97F4AD}.Release|ARM.Build.0 = Release|Any CPU
		{88310AE9-42D0-4C4C-B455-B38A7D97F4AD}.Release|x64.ActiveCfg = Release|Any CPU
		{88310AE9-42D0-4C4C-B455-B38A7D97F4AD}.Release|x64.Build.0 = Release|Any CPU
		{88310AE9-42D0-4C4C-B455-B38A7D97F4AD}.Release|x86.ActiveCfg = Release|Any CPU
		{88310AE9-42D0-4C4C-B455-B38A7D97F4AD}.Release|x86.Build.0 = Release|Any CPU
		{10C3DC84-A522-47A4-ACEF-45D73FF80164}.Debug|Any CPU.ActiveCfg = Debug|Any CPU
		{10C3DC84-A522-47A4-ACEF-45D73FF80164}.Debug|Any CPU.Build.0 = Debug|Any CPU
		{10C3DC84-A522-47A4-ACEF-45D73FF80164}.Debug|ARM.ActiveCfg = Debug|Any CPU
		{10C3DC84-A522-47A4-ACEF-45D73FF80164}.Debug|ARM.Build.0 = Debug|Any CPU
		{10C3DC84-A522-47A4-ACEF-45D73FF80164}.Debug|x64.ActiveCfg = Debug|Any CPU
		{10C3DC84-A522-47A4-ACEF-45D73FF80164}.Debug|x64.Build.0 = Debug|Any CPU
		{10C3DC84-A522-47A4-ACEF-45D73FF80164}.Debug|x86.ActiveCfg = Debug|Any CPU
		{10C3DC84-A522-47A4-ACEF-45D73FF80164}.Debug|x86.Build.0 = Debug|Any CPU
		{10C3DC84-A522-47A4-ACEF-45D73FF80164}.Release|Any CPU.ActiveCfg = Release|Any CPU
		{10C3DC84-A522-47A4-ACEF-45D73FF80164}.Release|Any CPU.Build.0 = Release|Any CPU
		{10C3DC84-A522-47A4-ACEF-45D73FF80164}.Release|ARM.ActiveCfg = Release|Any CPU
		{10C3DC84-A522-47A4-ACEF-45D73FF80164}.Release|ARM.Build.0 = Release|Any CPU
		{10C3DC84-A522-47A4-ACEF-45D73FF80164}.Release|x64.ActiveCfg = Release|Any CPU
		{10C3DC84-A522-47A4-ACEF-45D73FF80164}.Release|x64.Build.0 = Release|Any CPU
		{10C3DC84-A522-47A4-ACEF-45D73FF80164}.Release|x86.ActiveCfg = Release|Any CPU
		{10C3DC84-A522-47A4-ACEF-45D73FF80164}.Release|x86.Build.0 = Release|Any CPU
		{A82439AE-7B0A-46E3-9B40-04475DDFA3C1}.Debug|Any CPU.ActiveCfg = Debug|Any CPU
		{A82439AE-7B0A-46E3-9B40-04475DDFA3C1}.Debug|Any CPU.Build.0 = Debug|Any CPU
		{A82439AE-7B0A-46E3-9B40-04475DDFA3C1}.Debug|ARM.ActiveCfg = Debug|Any CPU
		{A82439AE-7B0A-46E3-9B40-04475DDFA3C1}.Debug|ARM.Build.0 = Debug|Any CPU
		{A82439AE-7B0A-46E3-9B40-04475DDFA3C1}.Debug|x64.ActiveCfg = Debug|Any CPU
		{A82439AE-7B0A-46E3-9B40-04475DDFA3C1}.Debug|x64.Build.0 = Debug|Any CPU
		{A82439AE-7B0A-46E3-9B40-04475DDFA3C1}.Debug|x86.ActiveCfg = Debug|Any CPU
		{A82439AE-7B0A-46E3-9B40-04475DDFA3C1}.Debug|x86.Build.0 = Debug|Any CPU
		{A82439AE-7B0A-46E3-9B40-04475DDFA3C1}.Release|Any CPU.ActiveCfg = Release|Any CPU
		{A82439AE-7B0A-46E3-9B40-04475DDFA3C1}.Release|Any CPU.Build.0 = Release|Any CPU
		{A82439AE-7B0A-46E3-9B40-04475DDFA3C1}.Release|ARM.ActiveCfg = Release|Any CPU
		{A82439AE-7B0A-46E3-9B40-04475DDFA3C1}.Release|ARM.Build.0 = Release|Any CPU
		{A82439AE-7B0A-46E3-9B40-04475DDFA3C1}.Release|x64.ActiveCfg = Release|Any CPU
		{A82439AE-7B0A-46E3-9B40-04475DDFA3C1}.Release|x64.Build.0 = Release|Any CPU
		{A82439AE-7B0A-46E3-9B40-04475DDFA3C1}.Release|x86.ActiveCfg = Release|Any CPU
		{A82439AE-7B0A-46E3-9B40-04475DDFA3C1}.Release|x86.Build.0 = Release|Any CPU
		{557E9B22-3054-49F2-9819-DA9F2ED76FF0}.Debug|Any CPU.ActiveCfg = Debug|Any CPU
		{557E9B22-3054-49F2-9819-DA9F2ED76FF0}.Debug|Any CPU.Build.0 = Debug|Any CPU
		{557E9B22-3054-49F2-9819-DA9F2ED76FF0}.Debug|ARM.ActiveCfg = Debug|Any CPU
		{557E9B22-3054-49F2-9819-DA9F2ED76FF0}.Debug|ARM.Build.0 = Debug|Any CPU
		{557E9B22-3054-49F2-9819-DA9F2ED76FF0}.Debug|x64.ActiveCfg = Debug|Any CPU
		{557E9B22-3054-49F2-9819-DA9F2ED76FF0}.Debug|x64.Build.0 = Debug|Any CPU
		{557E9B22-3054-49F2-9819-DA9F2ED76FF0}.Debug|x86.ActiveCfg = Debug|Any CPU
		{557E9B22-3054-49F2-9819-DA9F2ED76FF0}.Debug|x86.Build.0 = Debug|Any CPU
		{557E9B22-3054-49F2-9819-DA9F2ED76FF0}.Release|Any CPU.ActiveCfg = Release|Any CPU
		{557E9B22-3054-49F2-9819-DA9F2ED76FF0}.Release|Any CPU.Build.0 = Release|Any CPU
		{557E9B22-3054-49F2-9819-DA9F2ED76FF0}.Release|ARM.ActiveCfg = Release|Any CPU
		{557E9B22-3054-49F2-9819-DA9F2ED76FF0}.Release|ARM.Build.0 = Release|Any CPU
		{557E9B22-3054-49F2-9819-DA9F2ED76FF0}.Release|x64.ActiveCfg = Release|Any CPU
		{557E9B22-3054-49F2-9819-DA9F2ED76FF0}.Release|x64.Build.0 = Release|Any CPU
		{557E9B22-3054-49F2-9819-DA9F2ED76FF0}.Release|x86.ActiveCfg = Release|Any CPU
		{557E9B22-3054-49F2-9819-DA9F2ED76FF0}.Release|x86.Build.0 = Release|Any CPU
		{9C01D319-B1DB-486B-B576-FAB24666413A}.Debug|Any CPU.ActiveCfg = Debug|Any CPU
		{9C01D319-B1DB-486B-B576-FAB24666413A}.Debug|Any CPU.Build.0 = Debug|Any CPU
		{9C01D319-B1DB-486B-B576-FAB24666413A}.Debug|ARM.ActiveCfg = Debug|Any CPU
		{9C01D319-B1DB-486B-B576-FAB24666413A}.Debug|ARM.Build.0 = Debug|Any CPU
		{9C01D319-B1DB-486B-B576-FAB24666413A}.Debug|x64.ActiveCfg = Debug|Any CPU
		{9C01D319-B1DB-486B-B576-FAB24666413A}.Debug|x64.Build.0 = Debug|Any CPU
		{9C01D319-B1DB-486B-B576-FAB24666413A}.Debug|x86.ActiveCfg = Debug|Any CPU
		{9C01D319-B1DB-486B-B576-FAB24666413A}.Debug|x86.Build.0 = Debug|Any CPU
		{9C01D319-B1DB-486B-B576-FAB24666413A}.Release|Any CPU.ActiveCfg = Release|Any CPU
		{9C01D319-B1DB-486B-B576-FAB24666413A}.Release|Any CPU.Build.0 = Release|Any CPU
		{9C01D319-B1DB-486B-B576-FAB24666413A}.Release|ARM.ActiveCfg = Release|Any CPU
		{9C01D319-B1DB-486B-B576-FAB24666413A}.Release|ARM.Build.0 = Release|Any CPU
		{9C01D319-B1DB-486B-B576-FAB24666413A}.Release|x64.ActiveCfg = Release|Any CPU
		{9C01D319-B1DB-486B-B576-FAB24666413A}.Release|x64.Build.0 = Release|Any CPU
		{9C01D319-B1DB-486B-B576-FAB24666413A}.Release|x86.ActiveCfg = Release|Any CPU
		{9C01D319-B1DB-486B-B576-FAB24666413A}.Release|x86.Build.0 = Release|Any CPU
	EndGlobalSection
	GlobalSection(SolutionProperties) = preSolution
		HideSolutionNode = FALSE
	EndGlobalSection
	GlobalSection(NestedProjects) = preSolution
		{88310AE9-42D0-4C4C-B455-B38A7D97F4AD} = {32227E55-C07C-4547-B49A-C45F4375B0A8}
		{10C3DC84-A522-47A4-ACEF-45D73FF80164} = {B1DF0467-5471-46C4-8077-F7AA87A2CD65}
		{A82439AE-7B0A-46E3-9B40-04475DDFA3C1} = {A6B062F0-267E-4CAD-8E4E-EA29D859FC2B}
		{557E9B22-3054-49F2-9819-DA9F2ED76FF0} = {B62A994A-193F-434B-B2FF-29413A4ECCF7}
		{9C01D319-B1DB-486B-B576-FAB24666413A} = {CA6556A9-1AF7-4785-B221-3E3BB4BE84A1}
		{A6B062F0-267E-4CAD-8E4E-EA29D859FC2B} = {BB2589AD-7CD4-47F7-8802-771648BE98AA}
		{CA6556A9-1AF7-4785-B221-3E3BB4BE84A1} = {BB2589AD-7CD4-47F7-8802-771648BE98AA}
	EndGlobalSection
	GlobalSection(ExtensibilityGlobals) = postSolution
		SolutionGuid = {5BA46D54-3022-4BF3-92AE-FA75A9A87EEF}
	EndGlobalSection
EndGlobal
